
Microsoft Visual Studio Solution File, Format Version 12.00
# Visual Studio Version 17
VisualStudioVersion = 17.9.34723.18
MinimumVisualStudioVersion = 10.0.40219.1
Project("{9A19103F-16F7-4668-BE54-9A1E7A4F7556}") = "ExpenseTrackerApplicationApi", "ExpenseTrackerApplicationApi\ExpenseTrackerApplicationApi.csproj", "{08FABDB1-A050-47E8-A252-7756A521BD3B}"
EndProject
Project("{9A19103F-16F7-4668-BE54-9A1E7A4F7556}") = "ExpenseTrackerApplicationTests", "ExpenseTrackerApplicationTests\ExpenseTrackerApplicationTests.csproj", "{ED214801-E257-4AEB-ACCC-26B9F8211833}"
EndProject
Global
	GlobalSection(SolutionConfigurationPlatforms) = preSolution
		Debug|Any CPU = Debug|Any CPU
		Release|Any CPU = Release|Any CPU
	EndGlobalSection
	GlobalSection(ProjectConfigurationPlatforms) = postSolution
		{08FABDB1-A050-47E8-A252-7756A521BD3B}.Debug|Any CPU.ActiveCfg = Debug|Any CPU
		{08FABDB1-A050-47E8-A252-7756A521BD3B}.Debug|Any CPU.Build.0 = Debug|Any CPU
		{08FABDB1-A050-47E8-A252-7756A521BD3B}.Release|Any CPU.ActiveCfg = Release|Any CPU
		{08FABDB1-A050-47E8-A252-7756A521BD3B}.Release|Any CPU.Build.0 = Release|Any CPU
		{ED214801-E257-4AEB-ACCC-26B9F8211833}.Debug|Any CPU.ActiveCfg = Debug|Any CPU
		{ED214801-E257-4AEB-ACCC-26B9F8211833}.Debug|Any CPU.Build.0 = Debug|Any CPU
		{ED214801-E257-4AEB-ACCC-26B9F8211833}.Release|Any CPU.ActiveCfg = Release|Any CPU
		{ED214801-E257-4AEB-ACCC-26B9F8211833}.Release|Any CPU.Build.0 = Release|Any CPU
	EndGlobalSection
	GlobalSection(SolutionProperties) = preSolution
		HideSolutionNode = FALSE
	EndGlobalSection
	GlobalSection(ExtensibilityGlobals) = postSolution
		SolutionGuid = {CC26874A-3610-4667-855F-78E92CF53D7E}
	EndGlobalSection
EndGlobal
